lockfileVersion: '9.0'

settings:
  autoInstallPeers: true
  excludeLinksFromLockfile: false

importers:

  .:
    devDependencies:
      ajv:
        specifier: ^8.17.1
        version: 8.20.0
      ajv-formats:
        specifier: ^3.0.1
        version: 3.0.1(ajv@8.20.0)

  packages/core:
    devDependencies:
      typescript:
        specifier: ^5.6.0
        version: 5.9.3

  packages/web:
    dependencies:
      '@canteenos/core':
        specifier: workspace:*
        version: link:../core
    devDependencies:
      qrcode:
        specifier: 1.5.4
        version: 1.5.4
      typescript:
        specifier: ^5.6.0
        version: 5.9.3
      vite:
        specifier: ^5.4.0
        version: 5.4.21(terser@5.51.2)
      vite-plugin-pwa:
        specifier: 1.3.0
        version: 1.3.0(vite@5.4.21(terser@5.51.2))(workbox-build@7.4.1)(workbox-window@7.4.1)
      workbox-window:
        specifier: 7.4.1
        version: 7.4.1

  packages/worker:
    devDependencies:
      ajv:
        specifier: ^8.17.1
        version: 8.20.0
      ajv-formats:
        specifier: ^3.0.1
        version: 3.0.1(ajv@8.20.0)
      typescript:
        specifier: ^5.6.0
        version: 5.9.3

packages:

  '@apideck/better-ajv-errors@0.3.7':
    resolution: {integrity: sha512-TajUJwGWbDwkCx/CZi7tRE8PVB7simCvKJfHUsSdvps+aTM/PDPP4gkLmKnc+x3CE//y9i/nj74GqdL/hwk7Iw==}
    engines: {node: '>=10'}
    peerDependencies:
      ajv: '>=8'

  '@babel/code-frame@7.29.7':
    resolution: {integrity: sha512-Aup7aUOfpbAUg2ROOJN6Iw5f9DMBlzu0mIkm/malLQFN/YQgO48wCj0Kxa3sEHJvPVFg7siR+qRInwXd2qhQKw==}
    engines: {node: '>=6.9.0'}

  '@babel/compat-data@7.29.7':
    resolution: {integrity: sha512-locTkQyKvwIEgBzVrn8693ebc97F2U8ZHjbXwDXJ5Fn2TCpNwTlKcaKLkdHop5c/icOFE7qt7Q9JC5hnKNa6Gg==}
    engines: {node: '>=6.9.0'}

  '@babel/core@7.29.7':
    resolution: {integrity: sha512-RgHBCvtjbOK2gXSNBNIkNoEc9qoVEtau3hj8gEqKQuL3HZAibKarWFEI3Lfm6EYKkLalOh8eSrj9b+ch9H/VBA==}
    engines: {node: '>=6.9.0'}

  '@babel/generator@7.29.8':
    resolution: {integrity: sha512-gZbepsdh3WDtgZKWL+vTPh71LSBrm/Y4/QDZBVCcYfmeTEEuoOYwlSy+G1StfJg+/Zy550u/3TATbm7qDbbMtg==}
    engines: {node: '>=6.9.0'}

  '@babel/helper-annotate-as-pure@7.29.7':
    resolution: {integrity: sha512-OoK6239jHPuSQOoS0kfTVKn0b/rVTk0seKq4Gd2UMLtmOVLjDC0ki3e+c90Trqv2gMfvJFqkiljrr568+qddiw==}
    engines: {node: '>=6.9.0'}

  '@babel/helper-compilation-targets@7.29.7':
    resolution: {integrity: sha512-wem6WaBj4NaVYVdNhLPPVacES6ZJ+KBBfSkTMD3YZxbP3rm3Di85tJU5ljaUNhaOynt+Aj0xruhYuzQBt8n71g==}
    engines: {node: '>=6.9.0'}

  '@babel/helper-create-class-features-plugin@7.29.7':
    resolution: {integrity: sha512-IY3ZD9Tmooqr3TUhc3DUWxiuo8xx1DWLhd5M7hQ+ZWJamqM2BbalrBJb2MisSLoYorOj75U03qULCxQTY9r3hg==}
    engines: {node: '>=6.9.0'}
    peerDependencies:
      '@babel/core': ^7.0.0
