lockfileVersion: '9.0'

settings:
  autoInstallPeers: true
  excludeLinksFromLockfile: false

importers:

  .:
    devDependencies:
      ajv:
        specifier: ^8.17.1
        version: 8.20.0
      ajv-formats:
        specifier: ^3.0.1
        version: 3.0.1(ajv@8.20.0)

  packages/core:
    devDependencies:
      typescript:
        specifier: ^5.6.0
        version: 5.9.3

  packages/web:
    dependencies:
      '@canteenos/core':
        specifier: workspace:*
        version: link:../core
    devDependencies:
      qrcode:
        specifier: 1.5.4
        version: 1.5.4
      typescript:
        specifier: ^5.6.0
        version: 5.9.3
      vite:
        specifier: ^5.4.0
        version: 5.4.21(terser@5.51.2)
      vite-plugin-pwa:
        specifier: 1.3.0
        version: 1.3.0(vite@5.4.21(terser@5.51.2))(workbox-build@7.4.1)(workbox-window@7.4.1)
      workbox-window:
        specifier: 7.4.1
        version: 7.4.1

  packages/worker:
    devDependencies:
      ajv:
        specifier: ^8.17.1
        version: 8.20.0
      ajv-formats:
        specifier: ^3.0.1
        version: 3.0.1(ajv@8.20.0)
      typescript:
        specifier: ^5.6.0
        version: 5.9.3

packages:
PLACEHOLDER_WILL_BE_REPLACED